
Microsoft Visual Studio Solution File, Format Version 12.00
# Visual Studio Version 17
VisualStudioVersion = 17.11.35312.102
MinimumVisualStudioVersion = 10.0.40219.1
Project("{FAE04EC0-301F-11D3-BF4B-00C04F79EFBC}") = "LandingPage", "LandingPage\LandingPage.csproj", "{EC829DC0-C2EE-4848-AE25-79486C6286E7}"
EndProject
Global
	GlobalSection(SolutionConfigurationPlatforms) = preSolution
		Debug|Any CPU = Debug|Any CPU
		Release|Any CPU = Release|Any CPU
	EndGlobalSection
	GlobalSection(ProjectConfigurationPlatforms) = postSolution
		{EC829DC0-C2EE-4848-AE25-79486C6286E7}.Debug|Any CPU.ActiveCfg = Debug|Any CPU
		{EC829DC0-C2EE-4848-AE25-79486C6286E7}.Debug|Any CPU.Build.0 = Debug|Any CPU
		{EC829DC0-C2EE-4848-AE25-79486C6286E7}.Release|Any CPU.ActiveCfg = Release|Any CPU
		{EC829DC0-C2EE-4848-AE25-79486C6286E7}.Release|Any CPU.Build.0 = Release|Any CPU
	EndGlobalSection
	GlobalSection(SolutionProperties) = preSolution
		HideSolutionNode = FALSE
	EndGlobalSection
	GlobalSection(ExtensibilityGlobals) = postSolution
		SolutionGuid = {AE89FEA1-CE04-453F-9053-20F0B5645577}
	EndGlobalSection
EndGlobal
